// !$*UTF8*$!
{
	archiveVersion = 1;
	classes = {
	};
	objectVersion = 50;
	objects = {

/* Begin PBXBuildFile section */
		4075D64F214D5FFA007A569A /* AppDelegate.swift in Sources */ = {isa = PBXBuildFile; fileRef = 4075D64E214D5FFA007A569A /* AppDelegate.swift */; };
		4075D651214D5FFA007A569A /* ViewController.swift in Sources */ = {isa = PBXBuildFile; fileRef = 4075D650214D5FFA007A569A /* ViewController.swift */; };
		4075D654214D5FFA007A569A /* Main.storyboard in Resources */ = {isa = PBXBuildFile; fileRef = 4075D652214D5FFA007A569A /* Main.storyboard */; };
		4075D656214D5FFC007A569A /* Assets.xcassets in Resources */ = {isa = PBXBuildFile; fileRef = 4075D655214D5FFC007A569A /* Assets.xcassets */; };
		4075D659214D5FFC007A569A /* LaunchScreen.storyboard in Resources */ = {isa = PBXBuildFile; fileRef = 4075D657214D5FFC007A569A /* LaunchScreen.storyboard */; };
		4075D664214D61C1007A569A /* TrafficSignModel.swift in Sources */ = {isa = PBXBuildFile; fileRef = 4075D662214D61C1007A569A /* TrafficSignModel.swift */; };
		4075D666214E731D007A569A /* UIImage+PixelBuffer.swift in Sources */ = {isa = PBXBuildFile; fileRef = 4075D665214E731D007A569A /* UIImage+PixelBuffer.swift */; };
		4075D668214E76DD007A569A /* CVPixelBuffer+Helpers.swift in Sources */ = {isa = PBXBuildFile; fileRef = 4075D667214E76DD007A569A /* CVPixelBuffer+Helpers.swift */; };
		4075D66A215154F5007A569A /* trafficSignUpdated.mlmodel in Sources */ = {isa = PBXBuildFile; fileRef = 4075D669215154F5007A569A /* trafficSignUpdated.mlmodel */; };
/* End PBXBuildFile section */

/* Begin PBXFileReference section */
		4075D64B214D5FFA007A569A /* TrafficSignRecognizer.app */ = {isa = PBXFileReference; explicitFileType = wrapper.application; includeInIndex = 0; path = TrafficSignRecognizer.app; sourceTree = BUILT_PRODUCTS_DIR; };
		4075D64E214D5FFA007A569A /* AppDelegate.swift */ = {isa = PBXFileReference; lastKnownFileType = sourcecode.swift; path = AppDelegate.swift; sourceTree = "<group>"; };
		4075D650214D5FFA007A569A /* ViewController.swift */ = {isa = PBXFileReference; lastKnownFileType = sourcecode.swift; path = ViewController.swift; sourceTree = "<group>"; };
		4075D653214D5FFA007A569A /* Base */ = {isa = PBXFileReference; lastKnownFileType = file.storyboard; name = Base; path = Base.lproj/Main.storyboard; sourceTree = "<group>"; };
		4075D655214D5FFC007A569A /* Assets.xcassets */ = {isa = PBXFileReference; lastKnownFileType = folder.assetcatalog; path = Assets.xcassets; sourceTree = "<group>"; };
		4075D658214D5FFC007A569A /* Base */ = {isa = PBXFileReference; lastKnownFileType = file.storyboard; name = Base; path = Base.lproj/LaunchScreen.storyboard; sourceTree = "<group>"; };
		4075D65A214D5FFC007A569A /* Info.plist */ = {isa = PBXFileReference; lastKnownFileType = text.plist.xml; path = Info.plist; sourceTree = "<group>"; };
		4075D662214D61C1007A569A /* TrafficSignModel.swift */ = {isa = PBXFileReference; fileEncoding = 4; lastKnownFileType = sourcecode.swift; name = TrafficSignModel.swift; path = TrafficSignRecognizer/TrafficSignModel.swift; sourceTree = SOURCE_ROOT; };
		4075D665214E731D007A569A /* UIImage+PixelBuffer.swift */ = {isa = PBXFileReference; lastKnownFileType = sourcecode.swift; path = "UIImage+PixelBuffer.swift"; sourceTree = "<group>"; };
		4075D667214E76DD007A569A /* CVPixelBuffer+Helpers.swift */ = {isa = PBXFileReference; lastKnownFileType = sourcecode.swift; path = "CVPixelBuffer+Helpers.swift"; sourceTree = "<group>"; };
		4075D669215154F5007A569A /* trafficSignUpdated.mlmodel */ = {isa = PBXFileReference; lastKnownFileType = file.mlmodel; path = trafficSignUpdated.mlmodel; sourceTree = "<group>"; };
/* End PBXFileReference section */

/* Begin PBXFrameworksBuildPhase section */
		4075D648214D5FFA007A569A /* Frameworks */ = {
			isa = PBXFrameworksBuildPhase;
			buildActionMask = 2147483647;
			files = (
			);
			runOnlyForDeploymentPostprocessing = 0;
		};
/* End PBXFrameworksBuildPhase section */

/* Begin PBXGroup section */
		4075D642214D5FFA007A569A = {
			isa = PBXGroup;
			children = (
				4075D64D214D5FFA007A569A /* TrafficSignRecognizer */,
				4075D64C214D5FFA007A569A /* Products */,
			);
			sourceTree = "<group>";
		};
		4075D64C214D5FFA007A569A /* Products */ = {
			isa = PBXGroup;
			children = (
				4075D64B214D5FFA007A569A /* TrafficSignRecognizer.app */,
			);
			name = Products;
			sourceTree = "<group>";
		};
		4075D64D214D5FFA007A569A /* TrafficSignRecognizer */ = {
			isa = PBXGroup;
			children = (
				4075D660214D6020007A569A /* Other Files */,
				4075D669215154F5007A569A /* trafficSignUpdated.mlmodel */,
				4075D662214D61C1007A569A /* TrafficSignModel.swift */,
				4075D650214D5FFA007A569A /* ViewController.swift */,
				4075D652214D5FFA007A569A /* Main.storyboard */,
				4075D665214E731D007A569A /* UIImage+PixelBuffer.swift */,
				4075D667214E76DD007A569A /* CVPixelBuffer+Helpers.swift */,
			);
			path = TrafficSignRecognizer;
			sourceTree = "<group>";
		};
		4075D660214D6020007A569A /* Other Files */ = {
			isa = PBXGroup;
			children = (
				4075D64E214D5FFA007A569A /* AppDelegate.swift */,
				4075D655214D5FFC007A569A /* Assets.xcassets */,
				4075D65A214D5FFC007A569A /* Info.plist */,
				4075D657214D5FFC007A569A /* LaunchScreen.storyboard */,
			);
			path = "Other Files";
			sourceTree = "<group>";
		};
/* End PBXGroup section */

/* Begin PBXNativeTarget section */
		4075D64A214D5FFA007A569A /* TrafficSignRecognizer */ = {
			isa = PBXNativeTarget;
			buildConfigurationList = 4075D65D214D5FFC007A569A /* Build configuration list for PBXNativeTarget "TrafficSignRecognizer" */;
			buildPhases = (
				4075D647214D5FFA007A569A /* Sources */,
				4075D648214D5FFA007A569A /* Frameworks */,
				4075D649214D5FFA007A569A /* Resources */,
			);
			buildRules = (
			);
			dependencies = (
			);
			name = TrafficSignRecognizer;
			productName = TrafficSignRecognizer;
			productReference = 4075D64B214D5FFA007A569A /* TrafficSignRecognizer.app */;
			productType = "com.apple.product-type.application";
		};
/* End PBXNativeTarget section */

/* Begin PBXProject section */
		4075D643214D5FFA007A569A /* Project object */ = {
			isa = PBXProject;
			attributes = {
				LastSwiftUpdateCheck = 0940;
				LastUpgradeCheck = 0940;
				ORGANIZATIONNAME = PUT;
				TargetAttributes = {
					4075D64A214D5FFA007A569A = {
						CreatedOnToolsVersion = 9.4.1;
					};
				};
			};
			buildConfigurationList = 4075D646214D5FFA007A569A /* Build configuration list for PBXProject "TrafficSignRecognizer" */;
			compatibilityVersion = "Xcode 9.3";
			developmentRegion = en;
			hasScannedForEncodings = 0;
			knownRegions = (
				en,
				Base,
			);
			mainGroup = 4075D642214D5FFA007A569A;
			productRefGroup = 4075D64C214D5FFA007A569A /* Products */;
			projectDirPath = "";
			projectRoot = "";
			targets = (
				4075D64A214D5FFA007A569A /* TrafficSignRecognizer */,
			);
		};
/* End PBXProject section */

/* Begin PBXResourcesBuildPhase section */
		4075D649214D5FFA007A569A /* Resources */ = {
			isa = PBXResourcesBuildPhase;
			buildActionMask = 2147483647;
			files = (
				4075D659214D5FFC007A569A /* LaunchScreen.storyboard in Resources */,
				4075D656214D5FFC007A569A /* Assets.xcassets in Resources */,
				4075D654214D5FFA007A569A /* Main.storyboard in Resources */,
			);
			runOnlyForDeploymentPostprocessing = 0;
		};
/* End PBXResourcesBuildPhase section */

/* Begin PBXSourcesBuildPhase section */
		4075D647214D5FFA007A569A /* Sources */ = {
			isa = PBXSourcesBuildPhase;
			buildActionMask = 2147483647;
			files = (
				4075D66A215154F5007A569A /* trafficSignUpdated.mlmodel in Sources */,
				4075D651214D5FFA007A569A /* ViewController.swift in Sources */,
				4075D666214E731D007A569A /* UIImage+PixelBuffer.swift in Sources */,
				4075D668214E76DD007A569A /* CVPixelBuffer+Helpers.swift in Sources */,
				4075D664214D61C1007A569A /* TrafficSignModel.swift in Sources */,
				4075D64F214D5FFA007A569A /* AppDelegate.swift in Sources */,
			);
			runOnlyForDeploymentPostprocessing = 0;
		};
/* End PBXSourcesBuildPhase section */

/* Begin PBXVariantGroup section */
		4075D652214D5FFA007A569A /* Main.storyboard */ = {
			isa = PBXVariantGroup;
			children = (
				4075D653214D5FFA007A569A /* Base */,
			);
			name = Main.storyboard;
			sourceTree = "<group>";
		};
		4075D657214D5FFC007A569A /* LaunchScreen.storyboard */ = {
			isa = PBXVariantGroup;
			children = (
				4075D658214D5FFC007A569A /* Base */,
			);
			name = LaunchScreen.storyboard;
			sourceTree = "<group>";
		};
/* End PBXVariantGroup section */

/* Begin XCBuildConfiguration section */
		4075D65B214D5FFC007A569A /* Debug */ = {
			isa = XCBuildConfiguration;
			buildSettings = {
				ALWAYS_SEARCH_USER_PATHS = NO;
				CLANG_ANALYZER_NONNULL = YES;
				CLANG_ANALYZER_NUMBER_OBJECT_CONVERSION = YES_AGGRESSIVE;
				CLANG_CXX_LANGUAGE_STANDARD = "gnu++14";
				CLANG_CXX_LIBRARY = "libc++";
				CLANG_ENABLE_MODULES = YES;
				CLANG_ENABLE_OBJC_ARC = YES;
				CLANG_ENABLE_OBJC_WEAK = YES;
				CLANG_WARN_BLOCK_CAPTURE_AUTORELEASING = YES;
				CLANG_WARN_BOOL_CONVERSION = YES;
				CLANG_WARN_COMMA = YES;
				CLANG_WARN_CONSTANT_CONVERSION = YES;
				CLANG_WARN_DEPRECATED_OBJC_IMPLEMENTATIONS = YES;
				CLANG_WARN_DIRECT_OBJC_ISA_USAGE = YES_ERROR;
				CLANG_WARN_DOCUMENTATION_COMMENTS = YES;
				CLANG_WARN_EMPTY_BODY = YES;
				CLANG_WARN_ENUM_CONVERSION = YES;
				CLANG_WARN_INFINITE_RECURSION = YES;
				CLANG_WARN_INT_CONVERSION = YES;
				CLANG_WARN_NON_LITERAL_NULL_CONVERSION = YES;
				CLANG_WARN_OBJC_IMPLICIT_RETAIN_SELF = YES;
				CLANG_WARN_OBJC_LITERAL_CONVERSION = YES;
				CLANG_WARN_OBJC_ROOT_CLASS = YES_ERROR;
				CLANG_WARN_RANGE_LOOP_ANALYSIS = YES;
				CLANG_WARN_STRICT_PROTOTYPES = YES;
				CLANG_WARN_SUSPICIOUS_MOVE = YES;
				CLANG_WARN_UNGUARDED_AVAILABILITY = YES_AGGRESSIVE;
				CLANG_WARN_UNREACHABLE_CODE = YES;
				CLANG_WARN__DUPLICATE_METHOD_MATCH = YES;
				CODE_SIGN_IDENTITY = "iPhone Developer";
				COPY_PHASE_STRIP = NO;
				DEBUG_INFORMATION_FORMAT = dwarf;
				ENABLE_STRICT_OBJC_MSGSEND = YES;
				ENABLE_TESTABILITY = YES;
				GCC_C_LANGUAGE_STANDARD = gnu11;
				GCC_DYNAMIC_NO_PIC = NO;
				GCC_NO_COMMON_BLOCKS = YES;
				GCC_OPTIMIZATION_LEVEL = 0;
				GCC_PREPROCESSOR_DEFINITIONS = (
					"DEBUG=1",
					"$(inherited)",
				);
				GCC_WARN_64_TO_32_BIT_CONVERSION = YES;
				GCC_WARN_ABOUT_RETURN_TYPE = YES_ERROR;
				GCC_WARN_UNDECLARED_SELECTOR = YES;
				GCC_WARN_UNINITIALIZED_AUTOS = YES_AGGRESSIVE;
				GCC_WARN_UNUSED_FUNCTION = YES;
				GCC_WARN_UNUSED_VARIABLE = YES;
				IPHONEOS_DEPLOYMENT_TARGET = 11.4;
				MTL_ENABLE_DEBUG_INFO = YES;
				ONLY_ACTIVE_ARCH = YES;
				SDKROOT = iphoneos;
				SWIFT_ACTIVE_COMPILATION_CONDITIONS = DEBUG;
				SWIFT_OPTIMIZATION_LEVEL = "-Onone";
			};
			name = Debug;
		};
		4075D65C214D5FFC007A569A /* Release */ = {
			isa = XCBuildConfiguration;
			buildSettings = {
				ALWAYS_SEARCH_USER_PATHS = NO;
				CLANG_ANALYZER_NONNULL = YES;
				CLANG_ANALYZER_NUMBER_OBJECT_CONVERSION = YES_AGGRESSIVE;
				CLANG_CXX_LANGUAGE_STANDARD = "gnu++14";
				CLANG_CXX_LIBRARY = "libc++";
				CLANG_ENABLE_MODULES = YES;
				CLANG_ENABLE_OBJC_ARC = YES;
				CLANG_ENABLE_OBJC_WEAK = YES;
				CLANG_WARN_BLOCK_CAPTURE_AUTORELEASING = YES;
				CLANG_WARN_BOOL_CONVERSION = YES;
				CLANG_WARN_COMMA = YES;
				CLANG_WARN_CONSTANT_CONVERSION = YES;
				CLANG_WARN_DEPRECATED_OBJC_IMPLEMENTATIONS = YES;
				CLANG_WARN_DIRECT_OBJC_ISA_USAGE = YES_ERROR;
				CLANG_WARN_DOCUMENTATION_COMMENTS = YES;
				CLANG_WARN_EMPTY_BODY = YES;
				CLANG_WARN_ENUM_CONVERSION = YES;
				CLANG_WARN_INFINITE_RECURSION = YES;
				CLANG_WARN_INT_CONVERSION = YES;
				CLANG_WARN_NON_LITERAL_NULL_CONVERSION = YES;
				CLANG_WARN_OBJC_IMPLICIT_RETAIN_SELF = YES;
				CLANG_WARN_OBJC_LITERAL_CONVERSION = YES;
				CLANG_WARN_OBJC_ROOT_CLASS = YES_ERROR;
				CLANG_WARN_RANGE_LOOP_ANALYSIS = YES;
				CLANG_WARN_STRICT_PROTOTYPES = YES;
				CLANG_WARN_SUSPICIOUS_MOVE = YES;
				CLANG_WARN_UNGUARDED_AVAILABILITY = YES_AGGRESSIVE;
				CLANG_WARN_UNREACHABLE_CODE = YES;
				CLANG_WARN__DUPLICATE_METHOD_MATCH = YES;
				CODE_SIGN_IDENTITY = "iPhone Developer";
				COPY_PHASE_STRIP = NO;
				DEBUG_INFORMATION_FORMAT = "dwarf-with-dsym";
				ENABLE_NS_ASSERTIONS = NO;
				ENABLE_STRICT_OBJC_MSGSEND = YES;
				GCC_C_LANGUAGE_STANDARD = gnu11;
				GCC_NO_COMMON_BLOCKS = YES;
				GCC_WARN_64_TO_32_BIT_CONVERSION = YES;
				GCC_WARN_ABOUT_RETURN_TYPE = YES_ERROR;
				GCC_WARN_UNDECLARED_SELECTOR = YES;
				GCC_WARN_UNINITIALIZED_AUTOS = YES_AGGRESSIVE;
				GCC_WARN_UNUSED_FUNCTION = YES;
				GCC_WARN_UNUSED_VARIABLE = YES;
				IPHONEOS_DEPLOYMENT_TARGET = 11.4;
				MTL_ENABLE_DEBUG_INFO = NO;
				SDKROOT = iphoneos;
				SWIFT_COMPILATION_MODE = wholemodule;
				SWIFT_OPTIMIZATION_LEVEL = "-O";
				VALIDATE_PRODUCT = YES;
			};
			name = Release;
		};
		4075D65E214D5FFC007A569A /* Debug */ = {
			isa = XCBuildConfiguration;
			buildSettings = {
				ASSETCATALOG_COMPILER_APPICON_NAME = AppIcon;
				CODE_SIGN_STYLE = Automatic;
				DEVELOPMENT_TEAM = STZ2VH4978;
				INFOPLIST_FILE = "$(SRCROOT)/TrafficSignRecognizer/Other Files/Info.plist";
				IPHONEOS_DEPLOYMENT_TARGET = 11.4;
				LD_RUNPATH_SEARCH_PATHS = (
					"$(inherited)",
					"@executable_path/Frameworks",
				);
				PRODUCT_BUNDLE_IDENTIFIER = put.kasperek.TrafficSignRecognizer;
				PRODUCT_NAME = "$(TARGET_NAME)";
				SWIFT_VERSION = 4.0;
				TARGETED_DEVICE_FAMILY = "1,2";
			};
			name = Debug;
		};
		4075D65F214D5FFC007A569A /* Release */ = {
			isa = XCBuildConfiguration;
			buildSettings = {
				ASSETCATALOG_COMPILER_APPICON_NAME = AppIcon;
				CODE_SIGN_STYLE = Automatic;
				DEVELOPMENT_TEAM = STZ2VH4978;
				INFOPLIST_FILE = "$(SRCROOT)/TrafficSignRecognizer/Other Files/Info.plist";
				IPHONEOS_DEPLOYMENT_TARGET = 11.4;
				LD_RUNPATH_SEARCH_PATHS = (
					"$(inherited)",
					"@executable_path/Frameworks",
				);
				PRODUCT_BUNDLE_IDENTIFIER = put.kasperek.TrafficSignRecognizer;
				PRODUCT_NAME = "$(TARGET_NAME)";
				SWIFT_VERSION = 4.0;
				TARGETED_DEVICE_FAMILY = "1,2";
			};
			name = Release;
		};
/* End XCBuildConfiguration section */

/* Begin XCConfigurationList section */
		4075D646214D5FFA007A569A /* Build configuration list for PBXProject "TrafficSignRecognizer" */ = {
			isa = XCConfigurationList;
			buildConfigurations = (
				4075D65B214D5FFC007A569A /* Debug */,
				4075D65C214D5FFC007A569A /* Release */,
			);
			defaultConfigurationIsVisible = 0;
			defaultConfigurationName = Release;
		};
		4075D65D214D5FFC007A569A /* Build configuration list for PBXNativeTarget "TrafficSignRecognizer" */ = {
			isa = XCConfigurationList;
			buildConfigurations = (
				4075D65E214D5FFC007A569A /* Debug */,
				4075D65F214D5FFC007A569A /* Release */,
			);
			defaultConfigurationIsVisible = 0;
			defaultConfigurationName = Release;
		};
/* End XCConfigurationList section */
	};
	rootObject = 4075D643214D5FFA007A569A /* Project object */;
}
